
Microsoft Visual Studio Solution File, Format Version 12.00
# Visual Studio Version 17
VisualStudioVersion = 17.1.32414.318
MinimumVisualStudioVersion = 10.0.40219.1
Project("{FAE04EC0-301F-11D3-BF4B-00C04F79EFBC}") = "Delavec", "Delavec\Delavec.csproj", "{AC4B2ACE-47B6-46C4-918E-8499D9A19042}"
EndProject
Project("{FAE04EC0-301F-11D3-BF4B-00C04F79EFBC}") = "Krog", "Krog\Krog.csproj", "{97AA1133-50DF-4FBE-A0DA-2DD7B03BB100}"
EndProject
Project("{FAE04EC0-301F-11D3-BF4B-00C04F79EFBC}") = "Vmesnik", "Vmesnik\Vmesnik.csproj", "{AE5B9A36-661A-4BB8-AAFD-7E085F3608C1}"
EndProject
Global
	GlobalSection(SolutionConfigurationPlatforms) = preSolution
		Debug|Any CPU = Debug|Any CPU
		Release|Any CPU = Release|Any CPU
	EndGlobalSection
	GlobalSection(ProjectConfigurationPlatforms) = postSolution
		{AC4B2ACE-47B6-46C4-918E-8499D9A19042}.Debug|Any CPU.ActiveCfg = Debug|Any CPU
		{AC4B2ACE-47B6-46C4-918E-8499D9A19042}.Debug|Any CPU.Build.0 = Debug|Any CPU
		{AC4B2ACE-47B6-46C4-918E-8499D9A19042}.Release|Any CPU.ActiveCfg = Release|Any CPU
		{AC4B2ACE-47B6-46C4-918E-8499D9A19042}.Release|Any CPU.Build.0 = Release|Any CPU
		{97AA1133-50DF-4FBE-A0DA-2DD7B03BB100}.Debug|Any CPU.ActiveCfg = Debug|Any CPU
		{97AA1133-50DF-4FBE-A0DA-2DD7B03BB100}.Debug|Any CPU.Build.0 = Debug|Any CPU
		{97AA1133-50DF-4FBE-A0DA-2DD7B03BB100}.Release|Any CPU.ActiveCfg = Release|Any CPU
		{97AA1133-50DF-4FBE-A0DA-2DD7B03BB100}.Release|Any CPU.Build.0 = Release|Any CPU
		{AE5B9A36-661A-4BB8-AAFD-7E085F3608C1}.Debug|Any CPU.ActiveCfg = Debug|Any CPU
		{AE5B9A36-661A-4BB8-AAFD-7E085F3608C1}.Debug|Any CPU.Build.0 = Debug|Any CPU
		{AE5B9A36-661A-4BB8-AAFD-7E085F3608C1}.Release|Any CPU.ActiveCfg = Release|Any CPU
		{AE5B9A36-661A-4BB8-AAFD-7E085F3608C1}.Release|Any CPU.Build.0 = Release|Any CPU
	EndGlobalSection
	GlobalSection(SolutionProperties) = preSolution
		HideSolutionNode = FALSE
	EndGlobalSection
	GlobalSection(ExtensibilityGlobals) = postSolution
		SolutionGuid = {42D34FD1-AF8B-4F14-A2F5-1811B0B50D4D}
	EndGlobalSection
EndGlobal
